
Microsoft Visual Studio Solution File, Format Version 12.00
# Visual Studio Version 17
VisualStudioVersion = 17.0.31903.59
MinimumVisualStudioVersion = 10.0.40219.1
Project("{2150E333-8FDC-42A3-9474-1A3956D46DE8}") = "Web", "Web", "{256F4E96-6A73-9ABE-786F-840C672A50F4}"
EndProject
Project("{FAE04EC0-301F-11D3-BF4B-00C04F79EFBC}") = "Purple", "Web\Purple.csproj", "{3AFD1AAD-A1FD-4904-AF30-693838B0AAFC}"
EndProject
Project("{2150E333-8FDC-42A3-9474-1A3956D46DE8}") = "Common", "Common", "{881589EE-639B-0A35-DBCE-5D94E4FC90C0}"
EndProject
Project("{2150E333-8FDC-42A3-9474-1A3956D46DE8}") = "Database", "Database", "{26C97929-DE30-0DBC-A015-00244F9BC02B}"
EndProject
Project("{2150E333-8FDC-42A3-9474-1A3956D46DE8}") = "Context", "Context", "{65CF2838-6E3C-6D4A-D5BD-894491532D1F}"
EndProject
Project("{FAE04EC0-301F-11D3-BF4B-00C04F79EFBC}") = "Sqlite", "Common\Database\Context\Sqlite\Sqlite.csproj", "{EF371D52-7CF6-4192-A341-29D03DB54B5B}"
EndProject
Project("{FAE04EC0-301F-11D3-BF4B-00C04F79EFBC}") = "Tests", "Tests\Tests.csproj", "{068EB755-0CE9-46C9-9931-9094532EDCF2}"
EndProject
Project("{2150E333-8FDC-42A3-9474-1A3956D46DE8}") = "Entity", "Entity", "{D3DC6D7D-03CC-5EC4-AE9D-9FB5AAF873DC}"
EndProject
Project("{2150E333-8FDC-42A3-9474-1A3956D46DE8}") = "Sql", "Sql", "{FC1AC05B-69E2-C7A8-3718-FAFF1ECA6D74}"
EndProject
Project("{FAE04EC0-301F-11D3-BF4B-00C04F79EFBC}") = "Entities", "Common\Database\Entity\Sql\Entities.csproj", "{4230D8DD-0432-42E5-8B08-060C3AFAC763}"
EndProject
Project("{FAE04EC0-301F-11D3-BF4B-00C04F79EFBC}") = "DTO", "Common\Database\DTO\DTO.csproj", "{492C6A93-A54E-4785-99E3-9609557CECB6}"
EndProject
Project("{FAE04EC0-301F-11D3-BF4B-00C04F79EFBC}") = "Mapping", "Common\Database\Mapping\Mapping.csproj", "{7636F02C-7114-45CE-8322-4ED51BDDEB6C}"
EndProject
Project("{2150E333-8FDC-42A3-9474-1A3956D46DE8}") = "ModelValidator", "ModelValidator", "{6CA294A6-759E-2CC6-BDE3-03EDF97B3A9F}"
EndProject
Project("{FAE04EC0-301F-11D3-BF4B-00C04F79EFBC}") = "Validator", "Common\ModelValidator\Validator.csproj", "{EB092D8C-4B61-42BE-BB98-A590AA738B5D}"
EndProject
Project("{FAE04EC0-301F-11D3-BF4B-00C04F79EFBC}") = "Blazor", "Blazor\Blazor.csproj", "{7B87EC32-8199-436B-9AA3-D655DE422808}"
EndProject
Global
	GlobalSection(SolutionConfigurationPlatforms) = preSolution
		Debug|Any CPU = Debug|Any CPU
		Debug|x64 = Debug|x64
		Debug|x86 = Debug|x86
		Release|Any CPU = Release|Any CPU
		Release|x64 = Release|x64
		Release|x86 = Release|x86
	EndGlobalSection
	GlobalSection(ProjectConfigurationPlatforms) = postSolution
		{3AFD1AAD-A1FD-4904-AF30-693838B0AAFC}.Debug|Any CPU.ActiveCfg = Debug|Any CPU
		{3AFD1AAD-A1FD-4904-AF30-693838B0AAFC}.Debug|Any CPU.Build.0 = Debug|Any CPU
		{3AFD1AAD-A1FD-4904-AF30-693838B0AAFC}.Debug|x64.ActiveCfg = Debug|Any CPU
		{3AFD1AAD-A1FD-4904-AF30-693838B0AAFC}.Debug|x64.Build.0 = Debug|Any CPU
		{3AFD1AAD-A1FD-4904-AF30-693838B0AAFC}.Debug|x86.ActiveCfg = Debug|Any CPU
		{3AFD1AAD-A1FD-4904-AF30-693838B0AAFC}.Debug|x86.Build.0 = Debug|Any CPU
		{3AFD1AAD-A1FD-4904-AF30-693838B0AAFC}.Release|Any CPU.ActiveCfg = Release|Any CPU
		{3AFD1AAD-A1FD-4904-AF30-693838B0AAFC}.Release|Any CPU.Build.0 = Release|Any CPU
		{3AFD1AAD-A1FD-4904-AF30-693838B0AAFC}.Release|x64.ActiveCfg = Release|Any CPU
		{3AFD1AAD-A1FD-4904-AF30-693838B0AAFC}.Release|x64.Build.0 = Release|Any CPU
		{3AFD1AAD-A1FD-4904-AF30-693838B0AAFC}.Release|x86.ActiveCfg = Release|Any CPU
		{3AFD1AAD-A1FD-4904-AF30-693838B0AAFC}.Release|x86.Build.0 = Release|Any CPU
		{EF371D52-7CF6-4192-A341-29D03DB54B5B}.Debug|Any CPU.ActiveCfg = Debug|Any CPU
		{EF371D52-7CF6-4192-A341-29D03DB54B5B}.Debug|Any CPU.Build.0 = Debug|Any CPU
		{EF371D52-7CF6-4192-A341-29D03DB54B5B}.Debug|x64.ActiveCfg = Debug|Any CPU
		{EF371D52-7CF6-4192-A341-29D03DB54B5B}.Debug|x64.Build.0 = Debug|Any CPU
		{EF371D52-7CF6-4192-A341-29D03DB54B5B}.Debug|x86.ActiveCfg = Debug|Any CPU
		{EF371D52-7CF6-4192-A341-29D03DB54B5B}.Debug|x86.Build.0 = Debug|Any CPU
		{EF371D52-7CF6-4192-A341-29D03DB54B5B}.Release|Any CPU.ActiveCfg = Release|Any CPU
		{EF371D52-7CF6-4192-A341-29D03DB54B5B}.Release|Any CPU.Build.0 = Release|Any CPU
		{EF371D52-7CF6-4192-A341-29D03DB54B5B}.Release|x64.ActiveCfg = Release|Any CPU
		{EF371D52-7CF6-4192-A341-29D03DB54B5B}.Release|x64.Build.0 = Release|Any CPU
		{EF371D52-7CF6-4192-A341-29D03DB54B5B}.Release|x86.ActiveCfg = Release|Any CPU
		{EF371D52-7CF6-4192-A341-29D03DB54B5B}.Release|x86.Build.0 = Release|Any CPU
		{068EB755-0CE9-46C9-9931-9094532EDCF2}.Debug|Any CPU.ActiveCfg = Debug|Any CPU
		{068EB755-0CE9-46C9-9931-9094532EDCF2}.Debug|Any CPU.Build.0 = Debug|Any CPU
		{068EB755-0CE9-46C9-9931-9094532EDCF2}.Debug|x64.ActiveCfg = Debug|Any CPU
		{068EB755-0CE9-46C9-9931-9094532EDCF2}.Debug|x64.Build.0 = Debug|Any CPU
		{068EB755-0CE9-46C9-9931-9094532EDCF2}.Debug|x86.ActiveCfg = Debug|Any CPU
		{068EB755-0CE9-46C9-9931-9094532EDCF2}.Debug|x86.Build.0 = Debug|Any CPU
		{068EB755-0CE9-46C9-9931-9094532EDCF2}.Release|Any CPU.ActiveCfg = Release|Any CPU
		{068EB755-0CE9-46C9-9931-9094532EDCF2}.Release|Any CPU.Build.0 = Release|Any CPU
		{068EB755-0CE9-46C9-9931-9094532EDCF2}.Release|x64.ActiveCfg = Release|Any CPU
		{068EB755-0CE9-46C9-9931-9094532EDCF2}.Release|x64.Build.0 = Release|Any CPU
		{068EB755-0CE9-46C9-9931-9094532EDCF2}.Release|x86.ActiveCfg = Release|Any CPU
		{068EB755-0CE9-46C9-9931-9094532EDCF2}.Release|x86.Build.0 = Release|Any CPU
		{4230D8DD-0432-42E5-8B08-060C3AFAC763}.Debug|Any CPU.ActiveCfg = Debug|Any CPU
		{4230D8DD-0432-42E5-8B08-060C3AFAC763}.Debug|Any CPU.Build.0 = Debug|Any CPU
		{4230D8DD-0432-42E5-8B08-060C3AFAC763}.Debug|x64.ActiveCfg = Debug|Any CPU
		{4230D8DD-0432-42E5-8B08-060C3AFAC763}.Debug|x64.Build.0 = Debug|Any CPU
		{4230D8DD-0432-42E5-8B08-060C3AFAC763}.Debug|x86.ActiveCfg = Debug|Any CPU
		{4230D8DD-0432-42E5-8B08-060C3AFAC763}.Debug|x86.Build.0 = Debug|Any CPU
		{4230D8DD-0432-42E5-8B08-060C3AFAC763}.Release|Any CPU.ActiveCfg = Release|Any CPU
		{4230D8DD-0432-42E5-8B08-060C3AFAC763}.Release|Any CPU.Build.0 = Release|Any CPU
		{4230D8DD-0432-42E5-8B08-060C3AFAC763}.Release|x64.ActiveCfg = Release|Any CPU
		{4230D8DD-0432-42E5-8B08-060C3AFAC763}.Release|x64.Build.0 = Release|Any CPU
		{4230D8DD-0432-42E5-8B08-060C3AFAC763}.Release|x86.ActiveCfg = Release|Any CPU
		{4230D8DD-0432-42E5-8B08-060C3AFAC763}.Release|x86.Build.0 = Release|Any CPU
		{492C6A93-A54E-4785-99E3-9609557CECB6}.Debug|Any CPU.ActiveCfg = Debug|Any CPU
		{492C6A93-A54E-4785-99E3-9609557CECB6}.Debug|Any CPU.Build.0 = Debug|Any CPU
		{492C6A93-A54E-4785-99E3-9609557CECB6}.Debug|x64.ActiveCfg = Debug|Any CPU
		{492C6A93-A54E-4785-99E3-9609557CECB6}.Debug|x64.Build.0 = Debug|Any CPU
		{492C6A93-A54E-4785-99E3-9609557CECB6}.Debug|x86.ActiveCfg = Debug|Any CPU
		{492C6A93-A54E-4785-99E3-9609557CECB6}.Debug|x86.Build.0 = Debug|Any CPU
		{492C6A93-A54E-4785-99E3-9609557CECB6}.Release|Any CPU.ActiveCfg = Release|Any CPU
		{492C6A93-A54E-4785-99E3-9609557CECB6}.Release|Any CPU.Build.0 = Release|Any CPU
		{492C6A93-A54E-4785-99E3-9609557CECB6}.Release|x64.ActiveCfg = Release|Any CPU
		{492C6A93-A54E-4785-99E3-9609557CECB6}.Release|x64.Build.0 = Release|Any CPU
		{492C6A93-A54E-4785-99E3-9609557CECB6}.Release|x86.ActiveCfg = Release|Any CPU
		{492C6A93-A54E-4785-99E3-9609557CECB6}.Release|x86.Build.0 = Release|Any CPU
		{7636F02C-7114-45CE-8322-4ED51BDDEB6C}.Debug|Any CPU.ActiveCfg = Debug|Any CPU
		{7636F02C-7114-45CE-8322-4ED51BDDEB6C}.Debug|Any CPU.Build.0 = Debug|Any CPU
		{7636F02C-7114-45CE-8322-4ED51BDDEB6C}.Debug|x64.ActiveCfg = Debug|Any CPU
		{7636F02C-7114-45CE-8322-4ED51BDDEB6C}.Debug|x64.Build.0 = Debug|Any CPU
		{7636F02C-7114-45CE-8322-4ED51BDDEB6C}.Debug|x86.ActiveCfg = Debug|Any CPU
		{7636F02C-7114-45CE-8322-4ED51BDDEB6C}.Debug|x86.Build.0 = Debug|Any CPU
		{7636F02C-7114-45CE-8322-4ED51BDDEB6C}.Release|Any CPU.ActiveCfg = Release|Any CPU
		{7636F02C-7114-45CE-8322-4ED51BDDEB6C}.Release|Any CPU.Build.0 = Release|Any CPU
		{7636F02C-7114-45CE-8322-4ED51BDDEB6C}.Release|x64.ActiveCfg = Release|Any CPU
		{7636F02C-7114-45CE-8322-4ED51BDDEB6C}.Release|x64.Build.0 = Release|Any CPU
		{7636F02C-7114-45CE-8322-4ED51BDDEB6C}.Release|x86.ActiveCfg = Release|Any CPU
		{7636F02C-7114-45CE-8322-4ED51BDDEB6C}.Release|x86.Build.0 = Release|Any CPU
		{EB092D8C-4B61-42BE-BB98-A590AA738B5D}.Debug|Any CPU.ActiveCfg = Debug|Any CPU
		{EB092D8C-4B61-42BE-BB98-A590AA738B5D}.Debug|Any CPU.Build.0 = Debug|Any CPU
		{EB092D8C-4B61-42BE-BB98-A590AA738B5D}.Debug|x64.ActiveCfg = Debug|Any CPU
		{EB092D8C-4B61-42BE-BB98-A590AA738B5D}.Debug|x64.Build.0 = Debug|Any CPU
		{EB092D8C-4B61-42BE-BB98-A590AA738B5D}.Debug|x86.ActiveCfg = Debug|Any CPU
		{EB092D8C-4B61-42BE-BB98-A590AA738B5D}.Debug|x86.Build.0 = Debug|Any CPU
		{EB092D8C-4B61-42BE-BB98-A590AA738B5D}.Release|Any CPU.ActiveCfg = Release|Any CPU
		{EB092D8C-4B61-42BE-BB98-A590AA738B5D}.Release|Any CPU.Build.0 = Release|Any CPU
		{EB092D8C-4B61-42BE-BB98-A590AA738B5D}.Release|x64.ActiveCfg = Release|Any CPU
		{EB092D8C-4B61-42BE-BB98-A590AA738B5D}.Release|x64.Build.0 = Release|Any CPU
		{EB092D8C-4B61-42BE-BB98-A590AA738B5D}.Release|x86.ActiveCfg = Release|Any CPU
		{EB092D8C-4B61-42BE-BB98-A590AA738B5D}.Release|x86.Build.0 = Release|Any CPU
		{7B87EC32-8199-436B-9AA3-D655DE422808}.Debug|Any CPU.ActiveCfg = Debug|Any CPU
		{7B87EC32-8199-436B-9AA3-D655DE422808}.Debug|Any CPU.Build.0 = Debug|Any CPU
		{7B87EC32-8199-436B-9AA3-D655DE422808}.Debug|x64.ActiveCfg = Debug|Any CPU
		{7B87EC32-8199-436B-9AA3-D655DE422808}.Debug|x64.Build.0 = Debug|Any CPU
		{7B87EC32-8199-436B-9AA3-D655DE422808}.Debug|x86.ActiveCfg = Debug|Any CPU
		{7B87EC32-8199-436B-9AA3-D655DE422808}.Debug|x86.Build.0 = Debug|Any CPU
		{7B87EC32-8199-436B-9AA3-D655DE422808}.Release|Any CPU.ActiveCfg = Release|Any CPU
		{7B87EC32-8199-436B-9AA3-D655DE422808}.Release|Any CPU.Build.0 = Release|Any CPU
		{7B87EC32-8199-436B-9AA3-D655DE422808}.Release|x64.ActiveCfg = Release|Any CPU
		{7B87EC32-8199-436B-9AA3-D655DE422808}.Release|x64.Build.0 = Release|Any CPU
		{7B87EC32-8199-436B-9AA3-D655DE422808}.Release|x86.ActiveCfg = Release|Any CPU
		{7B87EC32-8199-436B-9AA3-D655DE422808}.Release|x86.Build.0 = Release|Any CPU
	EndGlobalSection
	GlobalSection(SolutionProperties) = preSolution
		HideSolutionNode = FALSE
	EndGlobalSection
	GlobalSection(NestedProjects) = preSolution
		{3AFD1AAD-A1FD-4904-AF30-693838B0AAFC} = {256F4E96-6A73-9ABE-786F-840C672A50F4}
		{26C97929-DE30-0DBC-A015-00244F9BC02B} = {881589EE-639B-0A35-DBCE-5D94E4FC90C0}
		{65CF2838-6E3C-6D4A-D5BD-894491532D1F} = {26C97929-DE30-0DBC-A015-00244F9BC02B}
		{EF371D52-7CF6-4192-A341-29D03DB54B5B} = {65CF2838-6E3C-6D4A-D5BD-894491532D1F}
		{D3DC6D7D-03CC-5EC4-AE9D-9FB5AAF873DC} = {26C97929-DE30-0DBC-A015-00244F9BC02B}
		{FC1AC05B-69E2-C7A8-3718-FAFF1ECA6D74} = {D3DC6D7D-03CC-5EC4-AE9D-9FB5AAF873DC}
		{4230D8DD-0432-42E5-8B08-060C3AFAC763} = {FC1AC05B-69E2-C7A8-3718-FAFF1ECA6D74}
		{492C6A93-A54E-4785-99E3-9609557CECB6} = {26C97929-DE30-0DBC-A015-00244F9BC02B}
		{7636F02C-7114-45CE-8322-4ED51BDDEB6C} = {26C97929-DE30-0DBC-A015-00244F9BC02B}
		{6CA294A6-759E-2CC6-BDE3-03EDF97B3A9F} = {881589EE-639B-0A35-DBCE-5D94E4FC90C0}
		{EB092D8C-4B61-42BE-BB98-A590AA738B5D} = {6CA294A6-759E-2CC6-BDE3-03EDF97B3A9F}
	EndGlobalSection
EndGlobal
